hash: b71600bfcefa71f1b2e2e90f75fae8c6bdc517bd10eb5fb34a8c6cfa18fcf7fa
updated: 2017-11-15T10:31:44.645288701Z
imports:
- name: github.com/alecthomas/jsonschema
  version: c86885e0c9addf613840ec23eabcc9dfca60ab78
- name: github.com/NYTimes/openapi2proto
  version: 5c666f94fbec6084fbc26e1b2692d8030a02e911
- name: github.com/pkg/errors
  version: 645ef00459ed84a119197bfb8d8205042c6df63d
- name: github.com/xeipuuv/gojsonpointer
  version: 6fe8760cad3569743d51ddbb243b26f8456742dc
- name: github.com/xeipuuv/gojsonreference
  version: e02fc20de94c78484cd5ffb007f8af96be030a45
- name: github.com/xeipuuv/gojsonschema
  version: 3f523f4c14b6e925da10475eb0447c2f28614aac
- name: gopkg.in/yaml.v2
  version: eb3733d160e74a9c7e442f435eb3bea458e1d19f
testImports: []
